// !$*UTF8*$!
{
	archiveVersion = 1;
	classes = {
	};
	objectVersion = 56;
	objects = {

/* Begin PBXBuildFile section */
		7764551D2CC9389400519570 /* AppDelegate.swift in Sources */ = {isa = PBXBuildFile; fileRef = 7764551C2CC9389400519570 /* AppDelegate.swift */; };
		7764551F2CC9389400519570 /* SceneDelegate.swift in Sources */ = {isa = PBXBuildFile; fileRef = 7764551E2CC9389400519570 /* SceneDelegate.swift */; };
		776455242CC9389400519570 /* Main.storyboard in Resources */ = {isa = PBXBuildFile; fileRef = 776455222CC9389400519570 /* Main.storyboard */; };
		776455262CC9389500519570 /* Assets.xcassets in Resources */ = {isa = PBXBuildFile; fileRef = 776455252CC9389500519570 /* Assets.xcassets */; };
		776455292CC9389500519570 /* LaunchScreen.storyboard in Resources */ = {isa = PBXBuildFile; fileRef = 776455272CC9389500519570 /* LaunchScreen.storyboard */; };
		776455312CC95D5D00519570 /* TableViewController.swift in Sources */ = {isa = PBXBuildFile; fileRef = 776455302CC95D5D00519570 /* TableViewController.swift */; };
		776455332CC9685F00519570 /* ViewController.swift in Sources */ = {isa = PBXBuildFile; fileRef = 776455322CC9685F00519570 /* ViewController.swift */; };
		776455352CC9694A00519570 /* TaskDefault.swift in Sources */ = {isa = PBXBuildFile; fileRef = 776455342CC9694A00519570 /* TaskDefault.swift */; };
/* End PBXBuildFile section */

/* Begin PBXFileReference section */
		776455192CC9389400519570 /* Lista de Tarefas.app */ = {isa = PBXFileReference; explicitFileType = wrapper.application; includeInIndex = 0; path = "Lista de Tarefas.app"; sourceTree = BUILT_PRODUCTS_DIR; };
		7764551C2CC9389400519570 /* AppDelegate.swift */ = {isa = PBXFileReference; lastKnownFileType = sourcecode.swift; path = AppDelegate.swift; sourceTree = "<group>"; };
		7764551E2CC9389400519570 /* SceneDelegate.swift */ = {isa = PBXFileReference; lastKnownFileType = sourcecode.swift; path = SceneDelegate.swift; sourceTree = "<group>"; };
		776455232CC9389400519570 /* Base */ = {isa = PBXFileReference; lastKnownFileType = file.storyboard; name = Base; path = Base.lproj/Main.storyboard; sourceTree = "<group>"; };
		776455252CC9389500519570 /* Assets.xcassets */ = {isa = PBXFileReference; lastKnownFileType = folder.assetcatalog; path = Assets.xcassets; sourceTree = "<group>"; };
		776455282CC9389500519570 /* Base */ = {isa = PBXFileReference; lastKnownFileType = file.storyboard; name = Base; path = Base.lproj/LaunchScreen.storyboard; sourceTree = "<group>"; };
		7764552A2CC9389500519570 /* Info.plist */ = {isa = PBXFileReference; lastKnownFileType = text.plist.xml; path = Info.plist; sourceTree = "<group>"; };
		776455302CC95D5D00519570 /* TableViewController.swift */ = {isa = PBXFileReference; lastKnownFileType = sourcecode.swift; path = TableViewController.swift; sourceTree = "<group>"; };
		776455322CC9685F00519570 /* ViewController.swift */ = {isa = PBXFileReference; lastKnownFileType = sourcecode.swift; path = ViewController.swift; sourceTree = "<group>"; };
		776455342CC9694A00519570 /* TaskDefault.swift */ = {isa = PBXFileReference; lastKnownFileType = sourcecode.swift; path = TaskDefault.swift; sourceTree = "<group>"; };
/* End PBXFileReference section */

/* Begin PBXFrameworksBuildPhase section */
		776455162CC9389400519570 /* Frameworks */ = {
			isa = PBXFrameworksBuildPhase;
			buildActionMask = 2147483647;
			files = (
			);
			runOnlyForDeploymentPostprocessing = 0;
		};
/* End PBXFrameworksBuildPhase section */

/* Begin PBXGroup section */
		776455102CC9389400519570 = {
			isa = PBXGroup;
			children = (
				7764551B2CC9389400519570 /* Lista de Tarefas */,
				7764551A2CC9389400519570 /* Products */,
			);
			sourceTree = "<group>";
		};
		7764551A2CC9389400519570 /* Products */ = {
			isa = PBXGroup;
			children = (
				776455192CC9389400519570 /* Lista de Tarefas.app */,
			);
			name = Products;
			sourceTree = "<group>";
		};
		7764551B2CC9389400519570 /* Lista de Tarefas */ = {
			isa = PBXGroup;
			children = (
				7764551C2CC9389400519570 /* AppDelegate.swift */,
				7764551E2CC9389400519570 /* SceneDelegate.swift */,
				776455222CC9389400519570 /* Main.storyboard */,
				776455302CC95D5D00519570 /* TableViewController.swift */,
				776455322CC9685F00519570 /* ViewController.swift */,
				776455342CC9694A00519570 /* TaskDefault.swift */,
				776455252CC9389500519570 /* Assets.xcassets */,
				776455272CC9389500519570 /* LaunchScreen.storyboard */,
				7764552A2CC9389500519570 /* Info.plist */,
			);
			path = "Lista de Tarefas";
			sourceTree = "<group>";
		};
/* End PBXGroup section */

/* Begin PBXNativeTarget section */
		776455182CC9389400519570 /* Lista de Tarefas */ = {
			isa = PBXNativeTarget;
			buildConfigurationList = 7764552D2CC9389500519570 /* Build configuration list for PBXNativeTarget "Lista de Tarefas" */;
			buildPhases = (
				776455152CC9389400519570 /* Sources */,
				776455162CC9389400519570 /* Frameworks */,
				776455172CC9389400519570 /* Resources */,
			);
			buildRules = (
			);
			dependencies = (
			);
			name = "Lista de Tarefas";
			productName = "Lista de Tarefas";
			productReference = 776455192CC9389400519570 /* Lista de Tarefas.app */;
			productType = "com.apple.product-type.application";
		};
/* End PBXNativeTarget section */

/* Begin PBXProject section */
		776455112CC9389400519570 /* Project object */ = {
			isa = PBXProject;
			attributes = {
				BuildIndependentTargetsInParallel = 1;
				LastSwiftUpdateCheck = 1520;
				LastUpgradeCheck = 1520;
				TargetAttributes = {
					776455182CC9389400519570 = {
						CreatedOnToolsVersion = 15.2;
					};
				};
			};
			buildConfigurationList = 776455142CC9389400519570 /* Build configuration list for PBXProject "Lista de Tarefas" */;
			compatibilityVersion = "Xcode 14.0";
			developmentRegion = en;
			hasScannedForEncodings = 0;
			knownRegions = (
				en,
				Base,
			);
			mainGroup = 776455102CC9389400519570;
			productRefGroup = 7764551A2CC9389400519570 /* Products */;
			projectDirPath = "";
			projectRoot = "";
			targets = (
				776455182CC9389400519570 /* Lista de Tarefas */,
			);
		};
/* End PBXProject section */

/* Begin PBXResourcesBuildPhase section */
		776455172CC9389400519570 /* Resources */ = {
			isa = PBXResourcesBuildPhase;
			buildActionMask = 2147483647;
			files = (
				776455292CC9389500519570 /* LaunchScreen.storyboard in Resources */,
				776455262CC9389500519570 /* Assets.xcassets in Resources */,
				776455242CC9389400519570 /* Main.storyboard in Resources */,
			);
			runOnlyForDeploymentPostprocessing = 0;
		};
/* End PBXResourcesBuildPhase section */

/* Begin PBXSourcesBuildPhase section */
		776455152CC9389400519570 /* Sources */ = {
			isa = PBXSourcesBuildPhase;
			buildActionMask = 2147483647;
			files = (
				7764551D2CC9389400519570 /* AppDelegate.swift in Sources */,
				776455352CC9694A00519570 /* TaskDefault.swift in Sources */,
				776455312CC95D5D00519570 /* TableViewController.swift in Sources */,
				776455332CC9685F00519570 /* ViewController.swift in Sources */,
				7764551F2CC9389400519570 /* SceneDelegate.swift in Sources */,
			);
			runOnlyForDeploymentPostprocessing = 0;
		};
/* End PBXSourcesBuildPhase section */

/* Begin PBXVariantGroup section */
		776455222CC9389400519570 /* Main.storyboard */ = {
			isa = PBXVariantGroup;
			children = (
				776455232CC9389400519570 /* Base */,
			);
			name = Main.storyboard;
			sourceTree = "<group>";
		};
		776455272CC9389500519570 /* LaunchScreen.storyboard */ = {
			isa = PBXVariantGroup;
			children = (
				776455282CC9389500519570 /* Base */,
			);
			name = LaunchScreen.storyboard;
			sourceTree = "<group>";
		};
/* End PBXVariantGroup section */

/* Begin XCBuildConfiguration section */
		7764552B2CC9389500519570 /* Debug */ = {
			isa = XCBuildConfiguration;
			buildSettings = {
				ALWAYS_SEARCH_USER_PATHS = NO;
				ASSETCATALOG_COMPILER_GENERATE_SWIFT_ASSET_SYMBOL_EXTENSIONS = YES;
				CLANG_ANALYZER_NONNULL = YES;
				CLANG_ANALYZER_NUMBER_OBJECT_CONVERSION = YES_AGGRESSIVE;
				CLANG_CXX_LANGUAGE_STANDARD = "gnu++20";
				CLANG_ENABLE_MODULES = YES;
				CLANG_ENABLE_OBJC_ARC = YES;
				CLANG_ENABLE_OBJC_WEAK = YES;
				CLANG_WARN_BLOCK_CAPTURE_AUTORELEASING = YES;
				CLANG_WARN_BOOL_CONVERSION = YES;
				CLANG_WARN_COMMA = YES;
				CLANG_WARN_CONSTANT_CONVERSION = YES;
				CLANG_WARN_DEPRECATED_OBJC_IMPLEMENTATIONS = YES;
				CLANG_WARN_DIRECT_OBJC_ISA_USAGE = YES_ERROR;
				CLANG_WARN_DOCUMENTATION_COMMENTS = YES;
				CLANG_WARN_EMPTY_BODY = YES;
				CLANG_WARN_ENUM_CONVERSION = YES;
				CLANG_WARN_INFINITE_RECURSION = YES;
				CLANG_WARN_INT_CONVERSION = YES;
				CLANG_WARN_NON_LITERAL_NULL_CONVERSION = YES;
				CLANG_WARN_OBJC_IMPLICIT_RETAIN_SELF = YES;
				CLANG_WARN_OBJC_LITERAL_CONVERSION = YES;
				CLANG_WARN_OBJC_ROOT_CLASS = YES_ERROR;
				CLANG_WARN_QUOTED_INCLUDE_IN_FRAMEWORK_HEADER = YES;
				CLANG_WARN_RANGE_LOOP_ANALYSIS = YES;
				CLANG_WARN_STRICT_PROTOTYPES = YES;
				CLANG_WARN_SUSPICIOUS_MOVE = YES;
				CLANG_WARN_UNGUARDED_AVAILABILITY = YES_AGGRESSIVE;
				CLANG_WARN_UNREACHABLE_CODE = YES;
				CLANG_WARN__DUPLICATE_METHOD_MATCH = YES;
				COPY_PHASE_STRIP = NO;
				DEBUG_INFORMATION_FORMAT = dwarf;
				ENABLE_STRICT_OBJC_MSGSEND = YES;
				ENABLE_TESTABILITY = YES;
				ENABLE_USER_SCRIPT_SANDBOXING = YES;
				GCC_C_LANGUAGE_STANDARD = gnu17;
				GCC_DYNAMIC_NO_PIC = NO;
				GCC_NO_COMMON_BLOCKS = YES;
				GCC_OPTIMIZATION_LEVEL = 0;
				GCC_PREPROCESSOR_DEFINITIONS = (
					"DEBUG=1",
					"$(inherited)",
				);
				GCC_WARN_64_TO_32_BIT_CONVERSION = YES;
				GCC_WARN_ABOUT_RETURN_TYPE = YES_ERROR;
				GCC_WARN_UNDECLARED_SELECTOR = YES;
				GCC_WARN_UNINITIALIZED_AUTOS = YES_AGGRESSIVE;
				GCC_WARN_UNUSED_FUNCTION = YES;
				GCC_WARN_UNUSED_VARIABLE = YES;
				IPHONEOS_DEPLOYMENT_TARGET = 17.2;
				LOCALIZATION_PREFERS_STRING_CATALOGS = YES;
				MTL_ENABLE_DEBUG_INFO = INCLUDE_SOURCE;
				MTL_FAST_MATH = YES;
				ONLY_ACTIVE_ARCH = YES;
				SDKROOT = iphoneos;
				SWIFT_ACTIVE_COMPILATION_CONDITIONS = "DEBUG $(inherited)";
				SWIFT_OPTIMIZATION_LEVEL = "-Onone";
			};
			name = Debug;
		};
		7764552C2CC9389500519570 /* Release */ = {
			isa = XCBuildConfiguration;
			buildSettings = {
				ALWAYS_SEARCH_USER_PATHS = NO;
				ASSETCATALOG_COMPILER_GENERATE_SWIFT_ASSET_SYMBOL_EXTENSIONS = YES;
				CLANG_ANALYZER_NONNULL = YES;
				CLANG_ANALYZER_NUMBER_OBJECT_CONVERSION = YES_AGGRESSIVE;
				CLANG_CXX_LANGUAGE_STANDARD = "gnu++20";
				CLANG_ENABLE_MODULES = YES;
				CLANG_ENABLE_OBJC_ARC = YES;
				CLANG_ENABLE_OBJC_WEAK = YES;
				CLANG_WARN_BLOCK_CAPTURE_AUTORELEASING = YES;
				CLANG_WARN_BOOL_CONVERSION = YES;
				CLANG_WARN_COMMA = YES;
				CLANG_WARN_CONSTANT_CONVERSION = YES;
				CLANG_WARN_DEPRECATED_OBJC_IMPLEMENTATIONS = YES;
				CLANG_WARN_DIRECT_OBJC_ISA_USAGE = YES_ERROR;
				CLANG_WARN_DOCUMENTATION_COMMENTS = YES;
				CLANG_WARN_EMPTY_BODY = YES;
				CLANG_WARN_ENUM_CONVERSION = YES;
				CLANG_WARN_INFINITE_RECURSION = YES;
				CLANG_WARN_INT_CONVERSION = YES;
				CLANG_WARN_NON_LITERAL_NULL_CONVERSION = YES;
				CLANG_WARN_OBJC_IMPLICIT_RETAIN_SELF = YES;
				CLANG_WARN_OBJC_LITERAL_CONVERSION = YES;
				CLANG_WARN_OBJC_ROOT_CLASS = YES_ERROR;
				CLANG_WARN_QUOTED_INCLUDE_IN_FRAMEWORK_HEADER = YES;
				CLANG_WARN_RANGE_LOOP_ANALYSIS = YES;
				CLANG_WARN_STRICT_PROTOTYPES = YES;
				CLANG_WARN_SUSPICIOUS_MOVE = YES;
				CLANG_WARN_UNGUARDED_AVAILABILITY = YES_AGGRESSIVE;
				CLANG_WARN_UNREACHABLE_CODE = YES;
				CLANG_WARN__DUPLICATE_METHOD_MATCH = YES;
				COPY_PHASE_STRIP = NO;
				DEBUG_INFORMATION_FORMAT = "dwarf-with-dsym";
				ENABLE_NS_ASSERTIONS = NO;
				ENABLE_STRICT_OBJC_MSGSEND = YES;
				ENABLE_USER_SCRIPT_SANDBOXING = YES;
				GCC_C_LANGUAGE_STANDARD = gnu17;
				GCC_NO_COMMON_BLOCKS = YES;
				GCC_WARN_64_TO_32_BIT_CONVERSION = YES;
				GCC_WARN_ABOUT_RETURN_TYPE = YES_ERROR;
				GCC_WARN_UNDECLARED_SELECTOR = YES;
				GCC_WARN_UNINITIALIZED_AUTOS = YES_AGGRESSIVE;
				GCC_WARN_UNUSED_FUNCTION = YES;
				GCC_WARN_UNUSED_VARIABLE = YES;
				IPHONEOS_DEPLOYMENT_TARGET = 17.2;
				LOCALIZATION_PREFERS_STRING_CATALOGS = YES;
				MTL_ENABLE_DEBUG_INFO = NO;
				MTL_FAST_MATH = YES;
				SDKROOT = iphoneos;
				SWIFT_COMPILATION_MODE = wholemodule;
				VALIDATE_PRODUCT = YES;
			};
			name = Release;
		};
		7764552E2CC9389500519570 /* Debug */ = {
			isa = XCBuildConfiguration;
			buildSettings = {
				ASSETCATALOG_COMPILER_APPICON_NAME = AppIcon;
				ASSETCATALOG_COMPILER_GLOBAL_ACCENT_COLOR_NAME = AccentColor;
				CODE_SIGN_STYLE = Automatic;
				CURRENT_PROJECT_VERSION = 1;
				DEVELOPMENT_TEAM = 666K7UN966;
				GENERATE_INFOPLIST_FILE = YES;
				INFOPLIST_FILE = "Lista de Tarefas/Info.plist";
				INFOPLIST_KEY_UIApplicationSupportsIndirectInputEvents = YES;
				INFOPLIST_KEY_UILaunchStoryboardName = LaunchScreen;
				INFOPLIST_KEY_UIMainStoryboardFile = Main;
				INFOPLIST_KEY_UISupportedInterfaceOrientations = UIInterfaceOrientationPortrait;
				LD_RUNPATH_SEARCH_PATHS = (
					"$(inherited)",
					"@executable_path/Frameworks",
				);
				MARKETING_VERSION = 1.0;
				PRODUCT_BUNDLE_IDENTIFIER = "michelly.nonato.Lista-de-Tarefas";
				PRODUCT_NAME = "$(TARGET_NAME)";
				SWIFT_EMIT_LOC_STRINGS = YES;
				SWIFT_VERSION = 5.0;
				TARGETED_DEVICE_FAMILY = "1,2";
			};
			name = Debug;
		};
		7764552F2CC9389500519570 /* Release */ = {
			isa = XCBuildConfiguration;
			buildSettings = {
				ASSETCATALOG_COMPILER_APPICON_NAME = AppIcon;
				ASSETCATALOG_COMPILER_GLOBAL_ACCENT_COLOR_NAME = AccentColor;
				CODE_SIGN_STYLE = Automatic;
				CURRENT_PROJECT_VERSION = 1;
				DEVELOPMENT_TEAM = 666K7UN966;
				GENERATE_INFOPLIST_FILE = YES;
				INFOPLIST_FILE = "Lista de Tarefas/Info.plist";
				INFOPLIST_KEY_UIApplicationSupportsIndirectInputEvents = YES;
				INFOPLIST_KEY_UILaunchStoryboardName = LaunchScreen;
				INFOPLIST_KEY_UIMainStoryboardFile = Main;
				INFOPLIST_KEY_UISupportedInterfaceOrientations = UIInterfaceOrientationPortrait;
				LD_RUNPATH_SEARCH_PATHS = (
					"$(inherited)",
					"@executable_path/Frameworks",
				);
				MARKETING_VERSION = 1.0;
				PRODUCT_BUNDLE_IDENTIFIER = "michelly.nonato.Lista-de-Tarefas";
				PRODUCT_NAME = "$(TARGET_NAME)";
				SWIFT_EMIT_LOC_STRINGS = YES;
				SWIFT_VERSION = 5.0;
				TARGETED_DEVICE_FAMILY = "1,2";
			};
			name = Release;
		};
/* End XCBuildConfiguration section */

/* Begin XCConfigurationList section */
		776455142CC9389400519570 /* Build configuration list for PBXProject "Lista de Tarefas" */ = {
			isa = XCConfigurationList;
			buildConfigurations = (
				7764552B2CC9389500519570 /* Debug */,
				7764552C2CC9389500519570 /* Release */,
			);
			defaultConfigurationIsVisible = 0;
			defaultConfigurationName = Release;
		};
		7764552D2CC9389500519570 /* Build configuration list for PBXNativeTarget "Lista de Tarefas" */ = {
			isa = XCConfigurationList;
			buildConfigurations = (
				7764552E2CC9389500519570 /* Debug */,
				7764552F2CC9389500519570 /* Release */,
			);
			defaultConfigurationIsVisible = 0;
			defaultConfigurationName = Release;
		};
/* End XCConfigurationList section */
	};
	rootObject = 776455112CC9389400519570 /* Project object */;
}
