// !$*UTF8*$!
{
	archiveVersion = 1;
	classes = {
	};
	objectVersion = 56;
	objects = {

/* Begin PBXBuildFile section */
		7711D3C72C18C643009A0AD2 /* ExpanseTrackerApp.swift in Sources */ = {isa = PBXBuildFile; fileRef = 7711D3C62C18C643009A0AD2 /* ExpanseTrackerApp.swift */; };
		7711D3C92C18C643009A0AD2 /* ContentView.swift in Sources */ = {isa = PBXBuildFile; fileRef = 7711D3C82C18C643009A0AD2 /* ContentView.swift */; };
		7711D3CB2C18C645009A0AD2 /* Assets.xcassets in Resources */ = {isa = PBXBuildFile; fileRef = 7711D3CA2C18C645009A0AD2 /* Assets.xcassets */; };
		7711D3CE2C18C645009A0AD2 /* Preview Assets.xcassets in Resources */ = {isa = PBXBuildFile; fileRef = 7711D3CD2C18C645009A0AD2 /* Preview Assets.xcassets */; };
		7711D3D82C18C645009A0AD2 /* ExpanseTrackerTests.swift in Sources */ = {isa = PBXBuildFile; fileRef = 7711D3D72C18C645009A0AD2 /* ExpanseTrackerTests.swift */; };
		7711D3E22C18C645009A0AD2 /* ExpanseTrackerUITests.swift in Sources */ = {isa = PBXBuildFile; fileRef = 7711D3E12C18C645009A0AD2 /* ExpanseTrackerUITests.swift */; };
		7711D3E42C18C645009A0AD2 /* ExpanseTrackerUITestsLaunchTests.swift in Sources */ = {isa = PBXBuildFile; fileRef = 7711D3E32C18C645009A0AD2 /* ExpanseTrackerUITestsLaunchTests.swift */; };
		7711D3F32C18CF5E009A0AD2 /* Extensions.swift in Sources */ = {isa = PBXBuildFile; fileRef = 7711D3F22C18CF5E009A0AD2 /* Extensions.swift */; };
/* End PBXBuildFile section */

/* Begin PBXContainerItemProxy section */
		7711D3D42C18C645009A0AD2 /* PBXContainerItemProxy */ = {
			isa = PBXContainerItemProxy;
			containerPortal = 7711D3BB2C18C643009A0AD2 /* Project object */;
			proxyType = 1;
			remoteGlobalIDString = 7711D3C22C18C643009A0AD2;
			remoteInfo = ExpanseTracker;
		};
		7711D3DE2C18C645009A0AD2 /* PBXContainerItemProxy */ = {
			isa = PBXContainerItemProxy;
			containerPortal = 7711D3BB2C18C643009A0AD2 /* Project object */;
			proxyType = 1;
			remoteGlobalIDString = 7711D3C22C18C643009A0AD2;
			remoteInfo = ExpanseTracker;
		};
/* End PBXContainerItemProxy section */

/* Begin PBXFileReference section */
		7711D3C32C18C643009A0AD2 /* ExpanseTracker.app */ = {isa = PBXFileReference; explicitFileType = wrapper.application; includeInIndex = 0; path = ExpanseTracker.app; sourceTree = BUILT_PRODUCTS_DIR; };
		7711D3C62C18C643009A0AD2 /* ExpanseTrackerApp.swift */ = {isa = PBXFileReference; lastKnownFileType = sourcecode.swift; path = ExpanseTrackerApp.swift; sourceTree = "<group>"; };
		7711D3C82C18C643009A0AD2 /* ContentView.swift */ = {isa = PBXFileReference; lastKnownFileType = sourcecode.swift; path = ContentView.swift; sourceTree = "<group>"; };
		7711D3CA2C18C645009A0AD2 /* Assets.xcassets */ = {isa = PBXFileReference; lastKnownFileType = folder.assetcatalog; path = Assets.xcassets; sourceTree = "<group>"; };
		7711D3CD2C18C645009A0AD2 /* Preview Assets.xcassets */ = {isa = PBXFileReference; lastKnownFileType = folder.assetcatalog; path = "Preview Assets.xcassets"; sourceTree = "<group>"; };
		7711D3D32C18C645009A0AD2 /* ExpanseTrackerTests.xctest */ = {isa = PBXFileReference; explicitFileType = wrapper.cfbundle; includeInIndex = 0; path = ExpanseTrackerTests.xctest; sourceTree = BUILT_PRODUCTS_DIR; };
		7711D3D72C18C645009A0AD2 /* ExpanseTrackerTests.swift */ = {isa = PBXFileReference; lastKnownFileType = sourcecode.swift; path = ExpanseTrackerTests.swift; sourceTree = "<group>"; };
		7711D3DD2C18C645009A0AD2 /* ExpanseTrackerUITests.xctest */ = {isa = PBXFileReference; explicitFileType = wrapper.cfbundle; includeInIndex = 0; path = ExpanseTrackerUITests.xctest; sourceTree = BUILT_PRODUCTS_DIR; };
		7711D3E12C18C645009A0AD2 /* ExpanseTrackerUITests.swift */ = {isa = PBXFileReference; lastKnownFileType = sourcecode.swift; path = ExpanseTrackerUITests.swift; sourceTree = "<group>"; };
		7711D3E32C18C645009A0AD2 /* ExpanseTrackerUITestsLaunchTests.swift */ = {isa = PBXFileReference; lastKnownFileType = sourcecode.swift; path = ExpanseTrackerUITestsLaunchTests.swift; sourceTree = "<group>"; };
		7711D3F22C18CF5E009A0AD2 /* Extensions.swift */ = {isa = PBXFileReference; lastKnownFileType = sourcecode.swift; path = Extensions.swift; sourceTree = "<group>"; };
/* End PBXFileReference section */

/* Begin PBXFrameworksBuildPhase section */
		7711D3C02C18C643009A0AD2 /* Frameworks */ = {
			isa = PBXFrameworksBuildPhase;
			buildActionMask = 2147483647;
			files = (
			);
			runOnlyForDeploymentPostprocessing = 0;
		};
		7711D3D02C18C645009A0AD2 /* Frameworks */ = {
			isa = PBXFrameworksBuildPhase;
			buildActionMask = 2147483647;
			files = (
			);
			runOnlyForDeploymentPostprocessing = 0;
		};
		7711D3DA2C18C645009A0AD2 /* Frameworks */ = {
			isa = PBXFrameworksBuildPhase;
			buildActionMask = 2147483647;
			files = (
			);
			runOnlyForDeploymentPostprocessing = 0;
		};
/* End PBXFrameworksBuildPhase section */

/* Begin PBXGroup section */
		7711D3BA2C18C643009A0AD2 = {
			isa = PBXGroup;
			children = (
				7711D3C52C18C643009A0AD2 /* ExpanseTracker */,
				7711D3D62C18C645009A0AD2 /* ExpanseTrackerTests */,
				7711D3E02C18C645009A0AD2 /* ExpanseTrackerUITests */,
				7711D3C42C18C643009A0AD2 /* Products */,
			);
			sourceTree = "<group>";
		};
		7711D3C42C18C643009A0AD2 /* Products */ = {
			isa = PBXGroup;
			children = (
				7711D3C32C18C643009A0AD2 /* ExpanseTracker.app */,
				7711D3D32C18C645009A0AD2 /* ExpanseTrackerTests.xctest */,
				7711D3DD2C18C645009A0AD2 /* ExpanseTrackerUITests.xctest */,
			);
			name = Products;
			sourceTree = "<group>";
		};
		7711D3C52C18C643009A0AD2 /* ExpanseTracker */ = {
			isa = PBXGroup;
			children = (
				7711D3C62C18C643009A0AD2 /* ExpanseTrackerApp.swift */,
				7711D3C82C18C643009A0AD2 /* ContentView.swift */,
				7711D3F22C18CF5E009A0AD2 /* Extensions.swift */,
				7711D3CA2C18C645009A0AD2 /* Assets.xcassets */,
				7711D3CC2C18C645009A0AD2 /* Preview Content */,
			);
			path = ExpanseTracker;
			sourceTree = "<group>";
		};
		7711D3CC2C18C645009A0AD2 /* Preview Content */ = {
			isa = PBXGroup;
			children = (
				7711D3CD2C18C645009A0AD2 /* Preview Assets.xcassets */,
			);
			path = "Preview Content";
			sourceTree = "<group>";
		};
		7711D3D62C18C645009A0AD2 /* ExpanseTrackerTests */ = {
			isa = PBXGroup;
			children = (
				7711D3D72C18C645009A0AD2 /* ExpanseTrackerTests.swift */,
			);
			path = ExpanseTrackerTests;
			sourceTree = "<group>";
		};
		7711D3E02C18C645009A0AD2 /* ExpanseTrackerUITests */ = {
			isa = PBXGroup;
			children = (
				7711D3E12C18C645009A0AD2 /* ExpanseTrackerUITests.swift */,
				7711D3E32C18C645009A0AD2 /* ExpanseTrackerUITestsLaunchTests.swift */,
			);
			path = ExpanseTrackerUITests;
			sourceTree = "<group>";
		};
/* End PBXGroup section */

/* Begin PBXNativeTarget section */
		7711D3C22C18C643009A0AD2 /* ExpanseTracker */ = {
			isa = PBXNativeTarget;
			buildConfigurationList = 7711D3E72C18C645009A0AD2 /* Build configuration list for PBXNativeTarget "ExpanseTracker" */;
			buildPhases = (
				7711D3BF2C18C643009A0AD2 /* Sources */,
				7711D3C02C18C643009A0AD2 /* Frameworks */,
				7711D3C12C18C643009A0AD2 /* Resources */,
			);
			buildRules = (
			);
			dependencies = (
			);
			name = ExpanseTracker;
			productName = ExpanseTracker;
			productReference = 7711D3C32C18C643009A0AD2 /* ExpanseTracker.app */;
			productType = "com.apple.product-type.application";
		};
		7711D3D22C18C645009A0AD2 /* ExpanseTrackerTests */ = {
			isa = PBXNativeTarget;
			buildConfigurationList = 7711D3EA2C18C645009A0AD2 /* Build configuration list for PBXNativeTarget "ExpanseTrackerTests" */;
			buildPhases = (
				7711D3CF2C18C645009A0AD2 /* Sources */,
				7711D3D02C18C645009A0AD2 /* Frameworks */,
				7711D3D12C18C645009A0AD2 /* Resources */,
			);
			buildRules = (
			);
			dependencies = (
				7711D3D52C18C645009A0AD2 /* PBXTargetDependency */,
			);
			name = ExpanseTrackerTests;
			productName = ExpanseTrackerTests;
			productReference = 7711D3D32C18C645009A0AD2 /* ExpanseTrackerTests.xctest */;
			productType = "com.apple.product-type.bundle.unit-test";
		};
		7711D3DC2C18C645009A0AD2 /* ExpanseTrackerUITests */ = {
			isa = PBXNativeTarget;
			buildConfigurationList = 7711D3ED2C18C645009A0AD2 /* Build configuration list for PBXNativeTarget "ExpanseTrackerUITests" */;
			buildPhases = (
				7711D3D92C18C645009A0AD2 /* Sources */,
				7711D3DA2C18C645009A0AD2 /* Frameworks */,
				7711D3DB2C18C645009A0AD2 /* Resources */,
			);
			buildRules = (
			);
			dependencies = (
				7711D3DF2C18C645009A0AD2 /* PBXTargetDependency */,
			);
			name = ExpanseTrackerUITests;
			productName = ExpanseTrackerUITests;
			productReference = 7711D3DD2C18C645009A0AD2 /* ExpanseTrackerUITests.xctest */;
			productType = "com.apple.product-type.bundle.ui-testing";
		};
/* End PBXNativeTarget section */

/* Begin PBXProject section */
		7711D3BB2C18C643009A0AD2 /* Project object */ = {
			isa = PBXProject;
			attributes = {
				BuildIndependentTargetsInParallel = 1;
				LastSwiftUpdateCheck = 1520;
				LastUpgradeCheck = 1520;
				TargetAttributes = {
					7711D3C22C18C643009A0AD2 = {
						CreatedOnToolsVersion = 15.2;
					};
					7711D3D22C18C645009A0AD2 = {
						CreatedOnToolsVersion = 15.2;
						TestTargetID = 7711D3C22C18C643009A0AD2;
					};
					7711D3DC2C18C645009A0AD2 = {
						CreatedOnToolsVersion = 15.2;
						TestTargetID = 7711D3C22C18C643009A0AD2;
					};
				};
			};
			buildConfigurationList = 7711D3BE2C18C643009A0AD2 /* Build configuration list for PBXProject "ExpanseTracker" */;
			compatibilityVersion = "Xcode 14.0";
			developmentRegion = en;
			hasScannedForEncodings = 0;
			knownRegions = (
				en,
				Base,
			);
			mainGroup = 7711D3BA2C18C643009A0AD2;
			productRefGroup = 7711D3C42C18C643009A0AD2 /* Products */;
			projectDirPath = "";
			projectRoot = "";
			targets = (
				7711D3C22C18C643009A0AD2 /* ExpanseTracker */,
				7711D3D22C18C645009A0AD2 /* ExpanseTrackerTests */,
				7711D3DC2C18C645009A0AD2 /* ExpanseTrackerUITests */,
			);
		};
/* End PBXProject section */

/* Begin PBXResourcesBuildPhase section */
		7711D3C12C18C643009A0AD2 /* Resources */ = {
			isa = PBXResourcesBuildPhase;
			buildActionMask = 2147483647;
			files = (
				7711D3CE2C18C645009A0AD2 /* Preview Assets.xcassets in Resources */,
				7711D3CB2C18C645009A0AD2 /* Assets.xcassets in Resources */,
			);
			runOnlyForDeploymentPostprocessing = 0;
		};
		7711D3D12C18C645009A0AD2 /* Resources */ = {
			isa = PBXResourcesBuildPhase;
			buildActionMask = 2147483647;
			files = (
			);
			runOnlyForDeploymentPostprocessing = 0;
		};
		7711D3DB2C18C645009A0AD2 /* Resources */ = {
			isa = PBXResourcesBuildPhase;
			buildActionMask = 2147483647;
			files = (
			);
			runOnlyForDeploymentPostprocessing = 0;
		};
/* End PBXResourcesBuildPhase section */

/* Begin PBXSourcesBuildPhase section */
		7711D3BF2C18C643009A0AD2 /* Sources */ = {
			isa = PBXSourcesBuildPhase;
			buildActionMask = 2147483647;
			files = (
				7711D3C92C18C643009A0AD2 /* ContentView.swift in Sources */,
				7711D3F32C18CF5E009A0AD2 /* Extensions.swift in Sources */,
				7711D3C72C18C643009A0AD2 /* ExpanseTrackerApp.swift in Sources */,
			);
			runOnlyForDeploymentPostprocessing = 0;
		};
		7711D3CF2C18C645009A0AD2 /* Sources */ = {
			isa = PBXSourcesBuildPhase;
			buildActionMask = 2147483647;
			files = (
				7711D3D82C18C645009A0AD2 /* ExpanseTrackerTests.swift in Sources */,
			);
			runOnlyForDeploymentPostprocessing = 0;
		};
		7711D3D92C18C645009A0AD2 /* Sources */ = {
			isa = PBXSourcesBuildPhase;
			buildActionMask = 2147483647;
			files = (
				7711D3E42C18C645009A0AD2 /* ExpanseTrackerUITestsLaunchTests.swift in Sources */,
				7711D3E22C18C645009A0AD2 /* ExpanseTrackerUITests.swift in Sources */,
			);
			runOnlyForDeploymentPostprocessing = 0;
		};
/* End PBXSourcesBuildPhase section */

/* Begin PBXTargetDependency section */
		7711D3D52C18C645009A0AD2 /* PBXTargetDependency */ = {
			isa = PBXTargetDependency;
			target = 7711D3C22C18C643009A0AD2 /* ExpanseTracker */;
			targetProxy = 7711D3D42C18C645009A0AD2 /* PBXContainerItemProxy */;
		};
		7711D3DF2C18C645009A0AD2 /* PBXTargetDependency */ = {
			isa = PBXTargetDependency;
			target = 7711D3C22C18C643009A0AD2 /* ExpanseTracker */;
			targetProxy = 7711D3DE2C18C645009A0AD2 /* PBXContainerItemProxy */;
		};
/* End PBXTargetDependency section */

/* Begin XCBuildConfiguration section */
		7711D3E52C18C645009A0AD2 /* Debug */ = {
			isa = XCBuildConfiguration;
			buildSettings = {
				ALWAYS_SEARCH_USER_PATHS = NO;
				ASSETCATALOG_COMPILER_GENERATE_SWIFT_ASSET_SYMBOL_EXTENSIONS = YES;
				CLANG_ANALYZER_NONNULL = YES;
				CLANG_ANALYZER_NUMBER_OBJECT_CONVERSION = YES_AGGRESSIVE;
				CLANG_CXX_LANGUAGE_STANDARD = "gnu++20";
				CLANG_ENABLE_MODULES = YES;
				CLANG_ENABLE_OBJC_ARC = YES;
				CLANG_ENABLE_OBJC_WEAK = YES;
				CLANG_WARN_BLOCK_CAPTURE_AUTORELEASING = YES;
				CLANG_WARN_BOOL_CONVERSION = YES;
				CLANG_WARN_COMMA = YES;
				CLANG_WARN_CONSTANT_CONVERSION = YES;
				CLANG_WARN_DEPRECATED_OBJC_IMPLEMENTATIONS = YES;
				CLANG_WARN_DIRECT_OBJC_ISA_USAGE = YES_ERROR;
				CLANG_WARN_DOCUMENTATION_COMMENTS = YES;
				CLANG_WARN_EMPTY_BODY = YES;
				CLANG_WARN_ENUM_CONVERSION = YES;
				CLANG_WARN_INFINITE_RECURSION = YES;
				CLANG_WARN_INT_CONVERSION = YES;
				CLANG_WARN_NON_LITERAL_NULL_CONVERSION = YES;
				CLANG_WARN_OBJC_IMPLICIT_RETAIN_SELF = YES;
				CLANG_WARN_OBJC_LITERAL_CONVERSION = YES;
				CLANG_WARN_OBJC_ROOT_CLASS = YES_ERROR;
				CLANG_WARN_QUOTED_INCLUDE_IN_FRAMEWORK_HEADER = YES;
				CLANG_WARN_RANGE_LOOP_ANALYSIS = YES;
				CLANG_WARN_STRICT_PROTOTYPES = YES;
				CLANG_WARN_SUSPICIOUS_MOVE = YES;
				CLANG_WARN_UNGUARDED_AVAILABILITY = YES_AGGRESSIVE;
				CLANG_WARN_UNREACHABLE_CODE = YES;
				CLANG_WARN__DUPLICATE_METHOD_MATCH = YES;
				COPY_PHASE_STRIP = NO;
				DEBUG_INFORMATION_FORMAT = dwarf;
				ENABLE_STRICT_OBJC_MSGSEND = YES;
				ENABLE_TESTABILITY = YES;
				ENABLE_USER_SCRIPT_SANDBOXING = YES;
				GCC_C_LANGUAGE_STANDARD = gnu17;
				GCC_DYNAMIC_NO_PIC = NO;
				GCC_NO_COMMON_BLOCKS = YES;
				GCC_OPTIMIZATION_LEVEL = 0;
				GCC_PREPROCESSOR_DEFINITIONS = (
					"DEBUG=1",
					"$(inherited)",
				);
				GCC_WARN_64_TO_32_BIT_CONVERSION = YES;
				GCC_WARN_ABOUT_RETURN_TYPE = YES_ERROR;
				GCC_WARN_UNDECLARED_SELECTOR = YES;
				GCC_WARN_UNINITIALIZED_AUTOS = YES_AGGRESSIVE;
				GCC_WARN_UNUSED_FUNCTION = YES;
				GCC_WARN_UNUSED_VARIABLE = YES;
				IPHONEOS_DEPLOYMENT_TARGET = 17.2;
				LOCALIZATION_PREFERS_STRING_CATALOGS = YES;
				MTL_ENABLE_DEBUG_INFO = INCLUDE_SOURCE;
				MTL_FAST_MATH = YES;
				ONLY_ACTIVE_ARCH = YES;
				SDKROOT = iphoneos;
				SWIFT_ACTIVE_COMPILATION_CONDITIONS = "DEBUG $(inherited)";
				SWIFT_OPTIMIZATION_LEVEL = "-Onone";
			};
			name = Debug;
		};
		7711D3E62C18C645009A0AD2 /* Release */ = {
			isa = XCBuildConfiguration;
			buildSettings = {
				ALWAYS_SEARCH_USER_PATHS = NO;
				ASSETCATALOG_COMPILER_GENERATE_SWIFT_ASSET_SYMBOL_EXTENSIONS = YES;
				CLANG_ANALYZER_NONNULL = YES;
				CLANG_ANALYZER_NUMBER_OBJECT_CONVERSION = YES_AGGRESSIVE;
				CLANG_CXX_LANGUAGE_STANDARD = "gnu++20";
				CLANG_ENABLE_MODULES = YES;
				CLANG_ENABLE_OBJC_ARC = YES;
				CLANG_ENABLE_OBJC_WEAK = YES;
				CLANG_WARN_BLOCK_CAPTURE_AUTORELEASING = YES;
				CLANG_WARN_BOOL_CONVERSION = YES;
				CLANG_WARN_COMMA = YES;
				CLANG_WARN_CONSTANT_CONVERSION = YES;
				CLANG_WARN_DEPRECATED_OBJC_IMPLEMENTATIONS = YES;
				CLANG_WARN_DIRECT_OBJC_ISA_USAGE = YES_ERROR;
				CLANG_WARN_DOCUMENTATION_COMMENTS = YES;
				CLANG_WARN_EMPTY_BODY = YES;
				CLANG_WARN_ENUM_CONVERSION = YES;
				CLANG_WARN_INFINITE_RECURSION = YES;
				CLANG_WARN_INT_CONVERSION = YES;
				CLANG_WARN_NON_LITERAL_NULL_CONVERSION = YES;
				CLANG_WARN_OBJC_IMPLICIT_RETAIN_SELF = YES;
				CLANG_WARN_OBJC_LITERAL_CONVERSION = YES;
				CLANG_WARN_OBJC_ROOT_CLASS = YES_ERROR;
				CLANG_WARN_QUOTED_INCLUDE_IN_FRAMEWORK_HEADER = YES;
				CLANG_WARN_RANGE_LOOP_ANALYSIS = YES;
				CLANG_WARN_STRICT_PROTOTYPES = YES;
				CLANG_WARN_SUSPICIOUS_MOVE = YES;
				CLANG_WARN_UNGUARDED_AVAILABILITY = YES_AGGRESSIVE;
				CLANG_WARN_UNREACHABLE_CODE = YES;
				CLANG_WARN__DUPLICATE_METHOD_MATCH = YES;
				COPY_PHASE_STRIP = NO;
				DEBUG_INFORMATION_FORMAT = "dwarf-with-dsym";
				ENABLE_NS_ASSERTIONS = NO;
				ENABLE_STRICT_OBJC_MSGSEND = YES;
				ENABLE_USER_SCRIPT_SANDBOXING = YES;
				GCC_C_LANGUAGE_STANDARD = gnu17;
				GCC_NO_COMMON_BLOCKS = YES;
				GCC_WARN_64_TO_32_BIT_CONVERSION = YES;
				GCC_WARN_ABOUT_RETURN_TYPE = YES_ERROR;
				GCC_WARN_UNDECLARED_SELECTOR = YES;
				GCC_WARN_UNINITIALIZED_AUTOS = YES_AGGRESSIVE;
				GCC_WARN_UNUSED_FUNCTION = YES;
				GCC_WARN_UNUSED_VARIABLE = YES;
				IPHONEOS_DEPLOYMENT_TARGET = 17.2;
				LOCALIZATION_PREFERS_STRING_CATALOGS = YES;
				MTL_ENABLE_DEBUG_INFO = NO;
				MTL_FAST_MATH = YES;
				SDKROOT = iphoneos;
				SWIFT_COMPILATION_MODE = wholemodule;
				VALIDATE_PRODUCT = YES;
			};
			name = Release;
		};
		7711D3E82C18C645009A0AD2 /* Debug */ = {
			isa = XCBuildConfiguration;
			buildSettings = {
				ASSETCATALOG_COMPILER_APPICON_NAME = AppIcon;
				ASSETCATALOG_COMPILER_GLOBAL_ACCENT_COLOR_NAME = AccentColor;
				CODE_SIGN_STYLE = Automatic;
				CURRENT_PROJECT_VERSION = 1;
				DEVELOPMENT_ASSET_PATHS = "\"ExpanseTracker/Preview Content\"";
				ENABLE_PREVIEWS = YES;
				GENERATE_INFOPLIST_FILE = YES;
				INFOPLIST_KEY_UIApplicationSceneManifest_Generation = YES;
				INFOPLIST_KEY_UIApplicationSupportsIndirectInputEvents = YES;
				INFOPLIST_KEY_UILaunchScreen_Generation = YES;
				INFOPLIST_KEY_UISupportedInterfaceOrientations_iPad = "UIInterfaceOrientationPortrait UIInterfaceOrientationPortraitUpsideDown UIInterfaceOrientationLandscapeLeft UIInterfaceOrientationLandscapeRight";
				INFOPLIST_KEY_UISupportedInterfaceOrientations_iPhone = "UIInterfaceOrientationPortrait UIInterfaceOrientationLandscapeLeft UIInterfaceOrientationLandscapeRight";
				LD_RUNPATH_SEARCH_PATHS = (
					"$(inherited)",
					"@executable_path/Frameworks",
				);
				MARKETING_VERSION = 1.0;
				PRODUCT_BUNDLE_IDENTIFIER = com.michellyNonato.ExpanseTracker;
				PRODUCT_NAME = "$(TARGET_NAME)";
				SWIFT_EMIT_LOC_STRINGS = YES;
				SWIFT_VERSION = 5.0;
				TARGETED_DEVICE_FAMILY = "1,2";
			};
			name = Debug;
		};
		7711D3E92C18C645009A0AD2 /* Release */ = {
			isa = XCBuildConfiguration;
			buildSettings = {
				ASSETCATALOG_COMPILER_APPICON_NAME = AppIcon;
				ASSETCATALOG_COMPILER_GLOBAL_ACCENT_COLOR_NAME = AccentColor;
				CODE_SIGN_STYLE = Automatic;
				CURRENT_PROJECT_VERSION = 1;
				DEVELOPMENT_ASSET_PATHS = "\"ExpanseTracker/Preview Content\"";
				ENABLE_PREVIEWS = YES;
				GENERATE_INFOPLIST_FILE = YES;
				INFOPLIST_KEY_UIApplicationSceneManifest_Generation = YES;
				INFOPLIST_KEY_UIApplicationSupportsIndirectInputEvents = YES;
				INFOPLIST_KEY_UILaunchScreen_Generation = YES;
				INFOPLIST_KEY_UISupportedInterfaceOrientations_iPad = "UIInterfaceOrientationPortrait UIInterfaceOrientationPortraitUpsideDown UIInterfaceOrientationLandscapeLeft UIInterfaceOrientationLandscapeRight";
				INFOPLIST_KEY_UISupportedInterfaceOrientations_iPhone = "UIInterfaceOrientationPortrait UIInterfaceOrientationLandscapeLeft UIInterfaceOrientationLandscapeRight";
				LD_RUNPATH_SEARCH_PATHS = (
					"$(inherited)",
					"@executable_path/Frameworks",
				);
				MARKETING_VERSION = 1.0;
				PRODUCT_BUNDLE_IDENTIFIER = com.michellyNonato.ExpanseTracker;
				PRODUCT_NAME = "$(TARGET_NAME)";
				SWIFT_EMIT_LOC_STRINGS = YES;
				SWIFT_VERSION = 5.0;
				TARGETED_DEVICE_FAMILY = "1,2";
			};
			name = Release;
		};
		7711D3EB2C18C645009A0AD2 /* Debug */ = {
			isa = XCBuildConfiguration;
			buildSettings = {
				ALWAYS_EMBED_SWIFT_STANDARD_LIBRARIES = YES;
				BUNDLE_LOADER = "$(TEST_HOST)";
				CODE_SIGN_STYLE = Automatic;
				CURRENT_PROJECT_VERSION = 1;
				GENERATE_INFOPLIST_FILE = YES;
				IPHONEOS_DEPLOYMENT_TARGET = 17.2;
				MARKETING_VERSION = 1.0;
				PRODUCT_BUNDLE_IDENTIFIER = com.michellyNonato.ExpanseTrackerTests;
				PRODUCT_NAME = "$(TARGET_NAME)";
				SWIFT_EMIT_LOC_STRINGS = NO;
				SWIFT_VERSION = 5.0;
				TARGETED_DEVICE_FAMILY = "1,2";
				TEST_HOST = "$(BUILT_PRODUCTS_DIR)/ExpanseTracker.app/$(BUNDLE_EXECUTABLE_FOLDER_PATH)/ExpanseTracker";
			};
			name = Debug;
		};
		7711D3EC2C18C645009A0AD2 /* Release */ = {
			isa = XCBuildConfiguration;
			buildSettings = {
				ALWAYS_EMBED_SWIFT_STANDARD_LIBRARIES = YES;
				BUNDLE_LOADER = "$(TEST_HOST)";
				CODE_SIGN_STYLE = Automatic;
				CURRENT_PROJECT_VERSION = 1;
				GENERATE_INFOPLIST_FILE = YES;
				IPHONEOS_DEPLOYMENT_TARGET = 17.2;
				MARKETING_VERSION = 1.0;
				PRODUCT_BUNDLE_IDENTIFIER = com.michellyNonato.ExpanseTrackerTests;
				PRODUCT_NAME = "$(TARGET_NAME)";
				SWIFT_EMIT_LOC_STRINGS = NO;
				SWIFT_VERSION = 5.0;
				TARGETED_DEVICE_FAMILY = "1,2";
				TEST_HOST = "$(BUILT_PRODUCTS_DIR)/ExpanseTracker.app/$(BUNDLE_EXECUTABLE_FOLDER_PATH)/ExpanseTracker";
			};
			name = Release;
		};
		7711D3EE2C18C645009A0AD2 /* Debug */ = {
			isa = XCBuildConfiguration;
			buildSettings = {
				ALWAYS_EMBED_SWIFT_STANDARD_LIBRARIES = YES;
				CODE_SIGN_STYLE = Automatic;
				CURRENT_PROJECT_VERSION = 1;
				GENERATE_INFOPLIST_FILE = YES;
				MARKETING_VERSION = 1.0;
				PRODUCT_BUNDLE_IDENTIFIER = com.michellyNonato.ExpanseTrackerUITests;
				PRODUCT_NAME = "$(TARGET_NAME)";
				SWIFT_EMIT_LOC_STRINGS = NO;
				SWIFT_VERSION = 5.0;
				TARGETED_DEVICE_FAMILY = "1,2";
				TEST_TARGET_NAME = ExpanseTracker;
			};
			name = Debug;
		};
		7711D3EF2C18C645009A0AD2 /* Release */ = {
			isa = XCBuildConfiguration;
			buildSettings = {
				ALWAYS_EMBED_SWIFT_STANDARD_LIBRARIES = YES;
				CODE_SIGN_STYLE = Automatic;
				CURRENT_PROJECT_VERSION = 1;
				GENERATE_INFOPLIST_FILE = YES;
				MARKETING_VERSION = 1.0;
				PRODUCT_BUNDLE_IDENTIFIER = com.michellyNonato.ExpanseTrackerUITests;
				PRODUCT_NAME = "$(TARGET_NAME)";
				SWIFT_EMIT_LOC_STRINGS = NO;
				SWIFT_VERSION = 5.0;
				TARGETED_DEVICE_FAMILY = "1,2";
				TEST_TARGET_NAME = ExpanseTracker;
			};
			name = Release;
		};
/* End XCBuildConfiguration section */

/* Begin XCConfigurationList section */
		7711D3BE2C18C643009A0AD2 /* Build configuration list for PBXProject "ExpanseTracker" */ = {
			isa = XCConfigurationList;
			buildConfigurations = (
				7711D3E52C18C645009A0AD2 /* Debug */,
				7711D3E62C18C645009A0AD2 /* Release */,
			);
			defaultConfigurationIsVisible = 0;
			defaultConfigurationName = Release;
		};
		7711D3E72C18C645009A0AD2 /* Build configuration list for PBXNativeTarget "ExpanseTracker" */ = {
			isa = XCConfigurationList;
			buildConfigurations = (
				7711D3E82C18C645009A0AD2 /* Debug */,
				7711D3E92C18C645009A0AD2 /* Release */,
			);
			defaultConfigurationIsVisible = 0;
			defaultConfigurationName = Release;
		};
		7711D3EA2C18C645009A0AD2 /* Build configuration list for PBXNativeTarget "ExpanseTrackerTests" */ = {
			isa = XCConfigurationList;
			buildConfigurations = (
				7711D3EB2C18C645009A0AD2 /* Debug */,
				7711D3EC2C18C645009A0AD2 /* Release */,
			);
			defaultConfigurationIsVisible = 0;
			defaultConfigurationName = Release;
		};
		7711D3ED2C18C645009A0AD2 /* Build configuration list for PBXNativeTarget "ExpanseTrackerUITests" */ = {
			isa = XCConfigurationList;
			buildConfigurations = (
				7711D3EE2C18C645009A0AD2 /* Debug */,
				7711D3EF2C18C645009A0AD2 /* Release */,
			);
			defaultConfigurationIsVisible = 0;
			defaultConfigurationName = Release;
		};
/* End XCConfigurationList section */
	};
	rootObject = 7711D3BB2C18C643009A0AD2 /* Project object */;
}
